<?xml version="1.0" encoding="utf-8"?>
<Project ToolsVersion="4.0" xmlns="http://schemas.microsoft.com/developer/msbuild/2003">
  <ItemGroup>
    <Filter Include="ソース ファイル">
      <UniqueIdentifier>{4FC737F1-C7A5-4376-A066-2A32D752A2FF}</UniqueIdentifier>
      <Extensions>cpp;c;cc;cxx;def;odl;idl;hpj;bat;asm;asmx</Extensions>
    </Filter>
    <Filter Include="ヘッダー ファイル">
      <UniqueIdentifier>{93995380-89BD-4b04-88EB-625FBE52EBFB}</UniqueIdentifier>
      <Extensions>h;hh;hpp;hxx;hm;inl;inc;ipp;xsd</Extensions>
    </Filter>
    <Filter Include="リソース ファイル">
      <UniqueIdentifier>{67DA6AB6-F800-4c08-8B7A-83BB121AAD01}</UniqueIdentifier>
      <Extensions>rc;ico;cur;bmp;dlg;rc2;rct;bin;rgs;gif;jpg;jpeg;jpe;resx;tiff;tif;png;wav;mfcribbon-ms</Extensions>
    </Filter>
    <Filter Include="ソース ファイル\OGSystem">
      <UniqueIdentifier>{783c3d9e-2166-4366-9ce8-756926084f85}</UniqueIdentifier>
    </Filter>
    <Filter Include="ソース ファイル\GameObject">
      <UniqueIdentifier>{b091b7ee-8bee-4075-9ccf-de1849195d1c}</UniqueIdentifier>
    </Filter>
    <Filter Include="ソース ファイル\Task">
      <UniqueIdentifier>{1e14d045-4ca2-497b-abbf-c130420a9a9b}</UniqueIdentifier>
    </Filter>
    <Filter Include="ソース ファイル\OGSystem\System">
      <UniqueIdentifier>{20a4970d-bb9e-4063-828e-2188bb53859c}</UniqueIdentifier>
    </Filter>
    <Filter Include="ソース ファイル\OGSystem\System\Camera">
      <UniqueIdentifier>{f3548f8f-2057-4dc4-a16f-e5c821ac5f63}</UniqueIdentifier>
    </Filter>
    <Filter Include="ソース ファイル\OGSystem\System\Collision">
      <UniqueIdentifier>{6303c474-adf2-4566-ae04-103565381677}</UniqueIdentifier>
    </Filter>
    <Filter Include="ソース ファイル\OGSystem\System\Easing">
      <UniqueIdentifier>{c5b3d70d-23c4-4592-86c7-7ea9ebc6ec63}</UniqueIdentifier>
    </Filter>
    <Filter Include="ソース ファイル\OGSystem\System\Font">
      <UniqueIdentifier>{6b4e077f-ef52-404f-a83e-7c71d0262bb1}</UniqueIdentifier>
    </Filter>
    <Filter Include="ソース ファイル\OGSystem\System\FPS">
      <UniqueIdentifier>{4fdf0e9f-5ee5-44ff-a5b7-c8d37b997697}</UniqueIdentifier>
    </Filter>
    <Filter Include="ソース ファイル\OGSystem\System\Icon">
      <UniqueIdentifier>{d637fca4-a918-460d-94ce-3a2b7854d292}</UniqueIdentifier>
    </Filter>
    <Filter Include="ソース ファイル\OGSystem\System\Input">
      <UniqueIdentifier>{877c06c8-5d08-4766-adb0-0470dc817bf5}</UniqueIdentifier>
    </Filter>
    <Filter Include="ソース ファイル\OGSystem\System\Window">
      <UniqueIdentifier>{ed651ef3-f735-4e27-9c09-80356ce93030}</UniqueIdentifier>
    </Filter>
    <Filter Include="ソース ファイル\OGSystem\System\Timer">
      <UniqueIdentifier>{84a8ce53-7924-4d47-95c2-7a2888fa8425}</UniqueIdentifier>
    </Filter>
    <Filter Include="ソース ファイル\OGSystem\System\Texture">
      <UniqueIdentifier>{a0649fe7-fd9a-4d3f-a969-8ac7a5295ad4}</UniqueIdentifier>
    </Filter>
    <Filter Include="ソース ファイル\OGSystem\System\Sound">
      <UniqueIdentifier>{ee052936-a115-4df9-8fca-828ef9f7bb09}</UniqueIdentifier>
    </Filter>
    <Filter Include="ソース ファイル\OGSystem\System\Sound\Audio">
      <UniqueIdentifier>{ccc2fd46-07ae-4a0c-b5ce-c2129732758c}</UniqueIdentifier>
    </Filter>
    <Filter Include="ソース ファイル\OGSystem\System\ResourceManager">
      <UniqueIdentifier>{aed79e8a-c5c8-4b1e-b971-1a0834ad4934}</UniqueIdentifier>
    </Filter>
    <Filter Include="ソース ファイル\OGSystem\System\Random">
      <UniqueIdentifier>{6b65b6cc-5e0a-40b8-a9b4-50b273344574}</UniqueIdentifier>
    </Filter>
    <Filter Include="ソース ファイル\OGSystem\System\OG">
      <UniqueIdentifier>{1713cf7c-ffe3-4dde-a83f-60b7b40a7ef9}</UniqueIdentifier>
    </Filter>
    <Filter Include="ソース ファイル\OGSystem\System\Win">
      <UniqueIdentifier>{bc949d3f-a629-4825-98e0-804c4711083c}</UniqueIdentifier>
    </Filter>
    <Filter Include="ソース ファイル\OGSystem\System\Thread">
      <UniqueIdentifier>{89a60442-853f-49b1-96b6-49e0f7607376}</UniqueIdentifier>
    </Filter>
    <Filter Include="ソース ファイル\Event">
      <UniqueIdentifier>{2d8ea88a-5ca6-410d-935a-17bb96fee5df}</UniqueIdentifier>
    </Filter>
    <Filter Include="ソース ファイル\Event\ResourceLoad">
      <UniqueIdentifier>{8890182f-815b-4506-a6b3-3ce8addd73ee}</UniqueIdentifier>
    </Filter>
    <Filter Include="ソース ファイル\OGSystem\System\Button">
      <UniqueIdentifier>{d5bc8251-9275-4b88-9cf1-38030ecf8fc6}</UniqueIdentifier>
    </Filter>
  </ItemGroup>
  <ItemGroup>
    <ClCompile Include="src\Win\WinMain.cpp">
      <Filter>ソース ファイル\OGSystem\System\Win</Filter>
    </ClCompile>
    <ClCompile Include="src\OGSystem\Camera\Camera.cpp">
      <Filter>ソース ファイル\OGSystem\System\Camera</Filter>
    </ClCompile>
    <ClCompile Include="src\OGSystem\Collision\Collision.cpp">
      <Filter>ソース ファイル\OGSystem\System\Collision</Filter>
    </ClCompile>
    <ClCompile Include="src\OGSystem\Font\TextureFont.cpp">
      <Filter>ソース ファイル\OGSystem\System\Font</Filter>
    </ClCompile>
    <ClCompile Include="src\OGSystem\FPS\FPS.cpp">
      <Filter>ソース ファイル\OGSystem\System\FPS</Filter>
    </ClCompile>
    <ClCompile Include="src\OGSystem\Input\Input.cpp">
      <Filter>ソース ファイル\OGSystem\System\Input</Filter>
    </ClCompile>
    <ClCompile Include="src\OGSystem\Window\Window.cpp">
      <Filter>ソース ファイル\OGSystem\System\Window</Filter>
    </ClCompile>
    <ClCompile Include="src\OGSystem\Timer\glTimer.cpp">
      <Filter>ソース ファイル\OGSystem\System\Timer</Filter>
    </ClCompile>
    <ClCompile Include="src\OGSystem\Texture\Texture.cpp">
      <Filter>ソース ファイル\OGSystem\System\Texture</Filter>
    </ClCompile>
    <ClCompile Include="src\OGSystem\Audio\Audio.cpp">
      <Filter>ソース ファイル\OGSystem\System\Sound\Audio</Filter>
    </ClCompile>
    <ClCompile Include="src\OGSystem\Audio\Sound.cpp">
      <Filter>ソース ファイル\OGSystem\System\Sound</Filter>
    </ClCompile>
    <ClCompile Include="src\OGSystem\Audio\SoundManager.cpp">
      <Filter>ソース ファイル\OGSystem\System\Sound</Filter>
    </ClCompile>
    <ClCompile Include="src\OGSystem\Audio\StreamingSound.cpp">
      <Filter>ソース ファイル\OGSystem\System\Sound</Filter>
    </ClCompile>
    <ClCompile Include="src\OGSystem\ResourceManager\ResourceManager.cpp">
      <Filter>ソース ファイル\OGSystem\System\ResourceManager</Filter>
    </ClCompile>
    <ClCompile Include="src\OGSystem\Random\Random.cpp">
      <Filter>ソース ファイル\OGSystem\System\Random</Filter>
    </ClCompile>
    <ClCompile Include="src\OGSystem\_OGsystem.cpp">
      <Filter>ソース ファイル\OGSystem\System\OG</Filter>
    </ClCompile>
    <ClCompile Include="src\OGSystem\OGlib.cpp">
      <Filter>ソース ファイル\OGSystem\System\OG</Filter>
    </ClCompile>
    <ClCompile Include="src\OGSystem\OGsystem.cpp">
      <Filter>ソース ファイル\OGSystem\System\OG</Filter>
    </ClCompile>
    <ClCompile Include="src\OGSystem\System.cpp">
      <Filter>ソース ファイル\OGSystem\System\OG</Filter>
    </ClCompile>
    <ClCompile Include="src\OGSystem\OGTask.cpp">
      <Filter>ソース ファイル\OGSystem</Filter>
    </ClCompile>
    <ClCompile Include="src\OGSystem\TaskObject.cpp">
      <Filter>ソース ファイル\OGSystem</Filter>
    </ClCompile>
    <ClCompile Include="src\Object\Object.cpp">
      <Filter>ソース ファイル\GameObject</Filter>
    </ClCompile>
    <ClCompile Include="src\Task\Task_Sample.cpp">
      <Filter>ソース ファイル\Task</Filter>
    </ClCompile>
    <ClCompile Include="src\Task\Task_Sample2.cpp">
      <Filter>ソース ファイル\Task</Filter>
    </ClCompile>
    <ClCompile Include="src\Task\TestObject.cpp">
      <Filter>ソース ファイル\Task</Filter>
    </ClCompile>
    <ClCompile Include="src\OGSystem\Thread\DataThread.cpp">
      <Filter>ソース ファイル\OGSystem\System\Thread</Filter>
    </ClCompile>
    <ClCompile Include="src\Event\Event.cpp">
      <Filter>ソース ファイル\Event</Filter>
    </ClCompile>
    <ClCompile Include="src\Event\ResourceLoad\ResourceLoad.cpp">
      <Filter>ソース ファイル\Event\ResourceLoad</Filter>
    </ClCompile>
    <ClCompile Include="src\OGSystem\Button\Button.cpp">
      <Filter>ソース ファイル\OGSystem\System\Button</Filter>
    </ClCompile>
    <ClCompile Include="src\Task\WinConfig.cpp">
      <Filter>ソース ファイル\Task</Filter>
    </ClCompile>
  </ItemGroup>
  <ItemGroup>
    <ClInclude Include="src\OGSystem\Camera\Camera.h">
      <Filter>ソース ファイル\OGSystem\System\Camera</Filter>
    </ClInclude>
    <ClInclude Include="src\OGSystem\Collision\Collision.h">
      <Filter>ソース ファイル\OGSystem\System\Collision</Filter>
    </ClInclude>
    <ClInclude Include="src\OGSystem\Easing\easing.hpp">
      <Filter>ソース ファイル\OGSystem\System\Easing</Filter>
    </ClInclude>
    <ClInclude Include="src\OGSystem\Font\TextureFont.h">
      <Filter>ソース ファイル\OGSystem\System\Font</Filter>
    </ClInclude>
    <ClInclude Include="src\OGSystem\FPS\FPS.h">
      <Filter>ソース ファイル\OGSystem\System\FPS</Filter>
    </ClInclude>
    <ClInclude Include="src\OGSystem\Input\Input.h">
      <Filter>ソース ファイル\OGSystem\System\Input</Filter>
    </ClInclude>
    <ClInclude Include="src\OGSystem\Window\Window.h">
      <Filter>ソース ファイル\OGSystem\System\Window</Filter>
    </ClInclude>
    <ClInclude Include="src\OGSystem\Timer\glTimer.h">
      <Filter>ソース ファイル\OGSystem\System\Timer</Filter>
    </ClInclude>
    <ClInclude Include="src\OGSystem\Texture\Texture.h">
      <Filter>ソース ファイル\OGSystem\System\Texture</Filter>
    </ClInclude>
    <ClInclude Include="src\OGSystem\Audio\Audio.h">
      <Filter>ソース ファイル\OGSystem\System\Sound\Audio</Filter>
    </ClInclude>
    <ClInclude Include="src\OGSystem\Audio\Sound.h">
      <Filter>ソース ファイル\OGSystem\System\Sound</Filter>
    </ClInclude>
    <ClInclude Include="src\OGSystem\Audio\SoundManager.h">
      <Filter>ソース ファイル\OGSystem\System\Sound</Filter>
    </ClInclude>
    <ClInclude Include="src\OGSystem\Audio\StreamingSound.h">
      <Filter>ソース ファイル\OGSystem\System\Sound</Filter>
    </ClInclude>
    <ClInclude Include="src\OGSystem\ResourceManager\ResourceManager.h">
      <Filter>ソース ファイル\OGSystem\System\ResourceManager</Filter>
    </ClInclude>
    <ClInclude Include="src\OGSystem\Random\Random.h">
      <Filter>ソース ファイル\OGSystem\System\Random</Filter>
    </ClInclude>
    <ClInclude Include="src\OGSystem\_OGsystem.h">
      <Filter>ソース ファイル\OGSystem\System\OG</Filter>
    </ClInclude>
    <ClInclude Include="src\OGSystem\OGlib.h">
      <Filter>ソース ファイル\OGSystem\System\OG</Filter>
    </ClInclude>
    <ClInclude Include="src\OGSystem\OGsystem.h">
      <Filter>ソース ファイル\OGSystem\System\OG</Filter>
    </ClInclude>
    <ClInclude Include="src\OGSystem\System.h">
      <Filter>ソース ファイル\OGSystem\System\OG</Filter>
    </ClInclude>
    <ClInclude Include="src\OGSystem\OGTask.h">
      <Filter>ソース ファイル\OGSystem</Filter>
    </ClInclude>
    <ClInclude Include="src\OGSystem\TaskObject.h">
      <Filter>ソース ファイル\OGSystem</Filter>
    </ClInclude>
    <ClInclude Include="src\Object\Object.h">
      <Filter>ソース ファイル\GameObject</Filter>
    </ClInclude>
    <ClInclude Include="src\Task\Task_Sample.h">
      <Filter>ソース ファイル\Task</Filter>
    </ClInclude>
    <ClInclude Include="src\Task\Task_Sample2.h">
      <Filter>ソース ファイル\Task</Filter>
    </ClInclude>
    <ClInclude Include="src\Task\TestObject.h">
      <Filter>ソース ファイル\Task</Filter>
    </ClInclude>
    <ClInclude Include="src\OGSystem\randmais.h">
      <Filter>ヘッダー ファイル</Filter>
    </ClInclude>
    <ClInclude Include="src\OGSystem\Thread\DataThread.h">
      <Filter>ソース ファイル\OGSystem\System\Thread</Filter>
    </ClInclude>
    <ClInclude Include="src\Event\Event.h">
      <Filter>ソース ファイル\Event</Filter>
    </ClInclude>
    <ClInclude Include="src\Event\ResourceLoad\ResourceLoad.h">
      <Filter>ソース ファイル\Event\ResourceLoad</Filter>
    </ClInclude>
    <ClInclude Include="src\OGSystem\Button\Button.h">
      <Filter>ソース ファイル\OGSystem\System\Button</Filter>
    </ClInclude>
    <ClInclude Include="src\Task\WinConfig.h">
      <Filter>ソース ファイル\Task</Filter>
    </ClInclude>
  </ItemGroup>
  <ItemGroup>
    <ResourceCompile Include="src\OGSystem\Icon\Resource.rc">
      <Filter>ソース ファイル\OGSystem\System\Icon</Filter>
    </ResourceCompile>
  </ItemGroup>
  <ItemGroup>
    <Image Include="data\image\testicon.ico">
      <Filter>リソース ファイル</Filter>
    </Image>
  </ItemGroup>
</Project>