<?xml version="1.0" encoding="utf-8"?>
<Project ToolsVersion="4.0" xmlns="http://schemas.microsoft.com/developer/msbuild/2003">
  <ItemGroup>
    <Filter Include="ソース ファイル">
      <UniqueIdentifier>{4FC737F1-C7A5-4376-A066-2A32D752A2FF}</UniqueIdentifier>
      <Extensions>cpp;c;cc;cxx;def;odl;idl;hpj;bat;asm;asmx</Extensions>
    </Filter>
    <Filter Include="ヘッダー ファイル">
      <UniqueIdentifier>{93995380-89BD-4b04-88EB-625FBE52EBFB}</UniqueIdentifier>
      <Extensions>h;hh;hpp;hxx;hm;inl;inc;ipp;xsd</Extensions>
    </Filter>
    <Filter Include="リソース ファイル">
      <UniqueIdentifier>{67DA6AB6-F800-4c08-8B7A-83BB121AAD01}</UniqueIdentifier>
      <Extensions>rc;ico;cur;bmp;dlg;rc2;rct;bin;rgs;gif;jpg;jpeg;jpe;resx;tiff;tif;png;wav;mfcribbon-ms</Extensions>
    </Filter>
    <Filter Include="ソース ファイル\OGLib">
      <UniqueIdentifier>{0f6516a8-b53e-4010-a1c3-d5a9a1e43ed8}</UniqueIdentifier>
    </Filter>
    <Filter Include="ソース ファイル\OGLib\System">
      <UniqueIdentifier>{234d2c99-fb39-4bf8-a629-63ae86498afd}</UniqueIdentifier>
    </Filter>
    <Filter Include="ソース ファイル\OGLib\Event">
      <UniqueIdentifier>{428027fe-796b-4e85-a6b5-1d16f4389547}</UniqueIdentifier>
    </Filter>
    <Filter Include="ソース ファイル\OGLib\Task">
      <UniqueIdentifier>{1ffb3c43-be8c-4edf-88a2-d846df8992c6}</UniqueIdentifier>
    </Filter>
    <Filter Include="ソース ファイル\OGLib\Object">
      <UniqueIdentifier>{5830f81d-74e4-496a-98ef-b79a3260f01b}</UniqueIdentifier>
    </Filter>
    <Filter Include="ソース ファイル\OGLib\Event\ResourceLoad">
      <UniqueIdentifier>{d21fcaa9-d12d-42db-8c5d-18cd08dd3889}</UniqueIdentifier>
    </Filter>
    <Filter Include="ソース ファイル\OGLib\Object\UI">
      <UniqueIdentifier>{7b90116a-4833-4cae-ae3d-10b48d703c72}</UniqueIdentifier>
    </Filter>
    <Filter Include="ソース ファイル\OGLib\Object\GameObject">
      <UniqueIdentifier>{b8dafea0-bdd7-4a32-a12c-35d8230573f2}</UniqueIdentifier>
    </Filter>
    <Filter Include="ソース ファイル\OGLib\Object\Scene">
      <UniqueIdentifier>{9c3d3208-eaef-4b93-8783-f8e80332f107}</UniqueIdentifier>
    </Filter>
    <Filter Include="ソース ファイル\OGLib\Task\WinConfig">
      <UniqueIdentifier>{8ab65e84-f2e2-4197-9110-1ba407757ad9}</UniqueIdentifier>
    </Filter>
    <Filter Include="ソース ファイル\OGLib\System\OG">
      <UniqueIdentifier>{fd2d72a2-8baf-486a-96cf-9d3c57ac05d3}</UniqueIdentifier>
    </Filter>
    <Filter Include="ソース ファイル\OGLib\System\Sound">
      <UniqueIdentifier>{e024fd22-a6f3-4182-8034-b71288e3b5c2}</UniqueIdentifier>
    </Filter>
    <Filter Include="ソース ファイル\OGLib\System\Sound\Audio">
      <UniqueIdentifier>{bdbc12d3-f0d1-4732-a923-fdb1afd94d85}</UniqueIdentifier>
    </Filter>
    <Filter Include="ソース ファイル\OGLib\System\Button">
      <UniqueIdentifier>{ebd0fb50-970d-4816-b2ff-aa5b9b350ddd}</UniqueIdentifier>
    </Filter>
    <Filter Include="ソース ファイル\OGLib\System\Camera">
      <UniqueIdentifier>{92ed8503-60f3-4631-b1af-b008714cb150}</UniqueIdentifier>
    </Filter>
    <Filter Include="ソース ファイル\OGLib\System\Collision">
      <UniqueIdentifier>{a2d51340-c136-4e91-b6d1-2bec53534588}</UniqueIdentifier>
    </Filter>
    <Filter Include="ソース ファイル\OGLib\System\Easing">
      <UniqueIdentifier>{6d9be677-b894-4a02-9a18-b919b2dc3e4d}</UniqueIdentifier>
    </Filter>
    <Filter Include="ソース ファイル\OGLib\System\Font">
      <UniqueIdentifier>{0323928f-abee-442c-a5af-2606e3b3bdb1}</UniqueIdentifier>
    </Filter>
    <Filter Include="ソース ファイル\OGLib\System\FPS">
      <UniqueIdentifier>{803b2431-6c74-4d42-93e2-421670515082}</UniqueIdentifier>
    </Filter>
    <Filter Include="ソース ファイル\OGLib\System\Icon">
      <UniqueIdentifier>{d1fccb90-64a6-41f2-a89c-5b07436263a2}</UniqueIdentifier>
    </Filter>
    <Filter Include="ソース ファイル\OGLib\System\Input">
      <UniqueIdentifier>{64739b4c-8531-4f5c-b92e-0aa5b7f63d2d}</UniqueIdentifier>
    </Filter>
    <Filter Include="ソース ファイル\OGLib\System\ResourceManager">
      <UniqueIdentifier>{0b0489c7-5057-4fc8-a01e-92fd0c22f303}</UniqueIdentifier>
    </Filter>
    <Filter Include="ソース ファイル\OGLib\System\Texture">
      <UniqueIdentifier>{f260da04-cc8e-4cc4-827b-2f2b799806bc}</UniqueIdentifier>
    </Filter>
    <Filter Include="ソース ファイル\OGLib\System\Timer">
      <UniqueIdentifier>{cc9f6cff-3875-4903-8f0b-36f90233fd9f}</UniqueIdentifier>
    </Filter>
    <Filter Include="ソース ファイル\OGLib\System\WIndow">
      <UniqueIdentifier>{ecc9d2c4-2f76-4887-b889-b26576ebfe21}</UniqueIdentifier>
    </Filter>
    <Filter Include="ソース ファイル\Task">
      <UniqueIdentifier>{71fff47c-f389-4f02-bec2-5728468d85a1}</UniqueIdentifier>
    </Filter>
    <Filter Include="ソース ファイル\OGLib\System\Random">
      <UniqueIdentifier>{ea06a808-0f38-42f9-8edd-16997b59dc89}</UniqueIdentifier>
    </Filter>
    <Filter Include="ソース ファイル\Win">
      <UniqueIdentifier>{cf018700-09bc-418e-a5bc-0934ce5f0b50}</UniqueIdentifier>
    </Filter>
    <Filter Include="ソース ファイル\Task\Title">
      <UniqueIdentifier>{dcfdb279-a11d-41d8-87ef-d77e8c3f9599}</UniqueIdentifier>
    </Filter>
    <Filter Include="ソース ファイル\Task\Game">
      <UniqueIdentifier>{f2871ebb-45bf-47df-837a-699359399d47}</UniqueIdentifier>
    </Filter>
    <Filter Include="ソース ファイル\Map">
      <UniqueIdentifier>{faaffc4d-71ae-4d16-980b-07d68463260c}</UniqueIdentifier>
    </Filter>
    <Filter Include="ソース ファイル\Task\Load">
      <UniqueIdentifier>{34ddb10c-2faa-4416-a6d8-6395754d2eb4}</UniqueIdentifier>
    </Filter>
    <Filter Include="ソース ファイル\Task\BackUI">
      <UniqueIdentifier>{0dde4834-7016-405e-b309-fc1bf11c8338}</UniqueIdentifier>
    </Filter>
    <Filter Include="ソース ファイル\OGLib\System\Shader">
      <UniqueIdentifier>{21ca396e-f8d2-44a2-abe8-d7d429b53623}</UniqueIdentifier>
    </Filter>
    <Filter Include="リソース ファイル\Shader">
      <UniqueIdentifier>{552a775f-5147-4c38-8a07-ea778dbcf76c}</UniqueIdentifier>
    </Filter>
    <Filter Include="リソース ファイル\event">
      <UniqueIdentifier>{8f6238dc-1522-4fb0-b42a-d3b97e72d449}</UniqueIdentifier>
    </Filter>
    <Filter Include="リソース ファイル\Doxygen">
      <UniqueIdentifier>{9955d885-1174-4848-9096-32b170da4ff9}</UniqueIdentifier>
    </Filter>
    <Filter Include="ソース ファイル\OGLib\Event\WinodowEvent">
      <UniqueIdentifier>{3940b656-92b4-4f90-b9ea-05c48dae94de}</UniqueIdentifier>
    </Filter>
    <Filter Include="ソース ファイル\OGLib\System\LayerTexture">
      <UniqueIdentifier>{680f2071-ec37-4f54-9c45-517fd7b40b9a}</UniqueIdentifier>
    </Filter>
    <Filter Include="ソース ファイル\OGLib\System\Order">
      <UniqueIdentifier>{2ea3b3cf-427a-4f3a-af47-d666d17ca989}</UniqueIdentifier>
    </Filter>
    <Filter Include="ソース ファイル\Object">
      <UniqueIdentifier>{f93dd0c9-27d7-4808-8459-5ffe71ff5c3d}</UniqueIdentifier>
    </Filter>
    <Filter Include="ソース ファイル\Object\TestObject">
      <UniqueIdentifier>{c0e3b053-848c-485a-ae42-efb7e49160ca}</UniqueIdentifier>
    </Filter>
    <Filter Include="ソース ファイル\Object\State">
      <UniqueIdentifier>{83680dce-909e-486e-8c1d-4d22cb16245b}</UniqueIdentifier>
    </Filter>
  </ItemGroup>
  <ItemGroup>
    <Image Include="data\image\testicon.ico">
      <Filter>リソース ファイル</Filter>
    </Image>
  </ItemGroup>
  <ItemGroup>
    <ClCompile Include="src\lib\Event\ResourceLoad\ResourceLoad.cpp">
      <Filter>ソース ファイル\OGLib\Event\ResourceLoad</Filter>
    </ClCompile>
    <ClCompile Include="src\lib\Event\Event.cpp">
      <Filter>ソース ファイル\OGLib\Event</Filter>
    </ClCompile>
    <ClCompile Include="src\lib\Object\GameObject.cpp">
      <Filter>ソース ファイル\OGLib\Object\GameObject</Filter>
    </ClCompile>
    <ClCompile Include="src\lib\Object\SceneTask.cpp">
      <Filter>ソース ファイル\OGLib\Object\Scene</Filter>
    </ClCompile>
    <ClCompile Include="src\lib\Object\UITask.cpp">
      <Filter>ソース ファイル\OGLib\Object\UI</Filter>
    </ClCompile>
    <ClCompile Include="src\lib\Task\WinConfig.cpp">
      <Filter>ソース ファイル\OGLib\Task\WinConfig</Filter>
    </ClCompile>
    <ClCompile Include="src\lib\OGSystem\Button\Button.cpp">
      <Filter>ソース ファイル\OGLib\System\Button</Filter>
    </ClCompile>
    <ClCompile Include="src\lib\OGSystem\Camera\Camera.cpp">
      <Filter>ソース ファイル\OGLib\System\Camera</Filter>
    </ClCompile>
    <ClCompile Include="src\lib\OGSystem\Collision\Collision.cpp">
      <Filter>ソース ファイル\OGLib\System\Collision</Filter>
    </ClCompile>
    <ClCompile Include="src\lib\OGSystem\Font\TextureFont.cpp">
      <Filter>ソース ファイル\OGLib\System\Font</Filter>
    </ClCompile>
    <ClCompile Include="src\lib\OGSystem\FPS\FPS.cpp">
      <Filter>ソース ファイル\OGLib\System\FPS</Filter>
    </ClCompile>
    <ClCompile Include="src\lib\OGSystem\Input\Input.cpp">
      <Filter>ソース ファイル\OGLib\System\Input</Filter>
    </ClCompile>
    <ClCompile Include="src\lib\OGSystem\Window\Window.cpp">
      <Filter>ソース ファイル\OGLib\System\WIndow</Filter>
    </ClCompile>
    <ClCompile Include="src\lib\OGSystem\Timer\glTimer.cpp">
      <Filter>ソース ファイル\OGLib\System\Timer</Filter>
    </ClCompile>
    <ClCompile Include="src\lib\OGSystem\Texture\Texture.cpp">
      <Filter>ソース ファイル\OGLib\System\Texture</Filter>
    </ClCompile>
    <ClCompile Include="src\lib\OGSystem\ResourceManager\ResourceManager.cpp">
      <Filter>ソース ファイル\OGLib\System\ResourceManager</Filter>
    </ClCompile>
    <ClCompile Include="src\lib\OGSystem\OG\_OGsystem.cpp">
      <Filter>ソース ファイル\OGLib\System\OG</Filter>
    </ClCompile>
    <ClCompile Include="src\lib\OGSystem\OG\OGlib.cpp">
      <Filter>ソース ファイル\OGLib\System\OG</Filter>
    </ClCompile>
    <ClCompile Include="src\lib\OGSystem\OG\OGsystem.cpp">
      <Filter>ソース ファイル\OGLib\System\OG</Filter>
    </ClCompile>
    <ClCompile Include="src\lib\OGSystem\OG\OGTask.cpp">
      <Filter>ソース ファイル\OGLib\System\OG</Filter>
    </ClCompile>
    <ClCompile Include="src\lib\OGSystem\OG\System.cpp">
      <Filter>ソース ファイル\OGLib\System\OG</Filter>
    </ClCompile>
    <ClCompile Include="src\lib\OGSystem\Audio\Sound.cpp">
      <Filter>ソース ファイル\OGLib\System\Sound</Filter>
    </ClCompile>
    <ClCompile Include="src\lib\OGSystem\Audio\SoundManager.cpp">
      <Filter>ソース ファイル\OGLib\System\Sound</Filter>
    </ClCompile>
    <ClCompile Include="src\lib\OGSystem\Audio\StreamingSound.cpp">
      <Filter>ソース ファイル\OGLib\System\Sound</Filter>
    </ClCompile>
    <ClCompile Include="src\lib\OGSystem\Audio\Audio.cpp">
      <Filter>ソース ファイル\OGLib\System\Sound\Audio</Filter>
    </ClCompile>
    <ClCompile Include="src\lib\OGSystem\Random\Random.cpp">
      <Filter>ソース ファイル\OGLib\System\Random</Filter>
    </ClCompile>
    <ClCompile Include="src\Win\WinMain.cpp">
      <Filter>ソース ファイル\Win</Filter>
    </ClCompile>
    <ClCompile Include="src\lib\OGSystem\Font\Font.cpp">
      <Filter>ソース ファイル\OGLib\System\Font</Filter>
    </ClCompile>
    <ClCompile Include="src\Task\Scene\Title.cpp">
      <Filter>ソース ファイル\Task\Title</Filter>
    </ClCompile>
    <ClCompile Include="src\Task\Scene\Game.cpp">
      <Filter>ソース ファイル\Task\Game</Filter>
    </ClCompile>
    <ClCompile Include="src\Map\Map.cpp">
      <Filter>ソース ファイル\Map</Filter>
    </ClCompile>
    <ClCompile Include="src\Task\Scene\Load.cpp">
      <Filter>ソース ファイル\Task\Load</Filter>
    </ClCompile>
    <ClCompile Include="src\Back\Back.cpp">
      <Filter>ソース ファイル\Task\BackUI</Filter>
    </ClCompile>
    <ClCompile Include="src\lib\OGSystem\Shader\shader.cpp">
      <Filter>ソース ファイル\OGLib\System\Shader</Filter>
    </ClCompile>
    <ClCompile Include="src\lib\Event\WindowEvent\WindowEvent.cpp">
      <Filter>ソース ファイル\OGLib\Event\WinodowEvent</Filter>
    </ClCompile>
    <ClCompile Include="src\lib\OGSystem\Texture\LayerTexture.cpp">
      <Filter>ソース ファイル\OGLib\System\LayerTexture</Filter>
    </ClCompile>
    <ClCompile Include="src\lib\OGSystem\Order\Order.cpp">
      <Filter>ソース ファイル\OGLib\System\Order</Filter>
    </ClCompile>
    <ClCompile Include="src\Object\TestObject.cpp">
      <Filter>ソース ファイル\Object\TestObject</Filter>
    </ClCompile>
    <ClCompile Include="src\Object\State\State.cpp">
      <Filter>ソース ファイル\Object\State</Filter>
    </ClCompile>
    <ClCompile Include="src\Object\State\TestState.cpp">
      <Filter>ソース ファイル\Object\State</Filter>
    </ClCompile>
  </ItemGroup>
  <ItemGroup>
    <ClInclude Include="src\lib\Event\ResourceLoad\ResourceLoad.h">
      <Filter>ソース ファイル\OGLib\Event\ResourceLoad</Filter>
    </ClInclude>
    <ClInclude Include="src\lib\Event\Event.h">
      <Filter>ソース ファイル\OGLib\Event</Filter>
    </ClInclude>
    <ClInclude Include="src\lib\Object\GameObject.h">
      <Filter>ソース ファイル\OGLib\Object\GameObject</Filter>
    </ClInclude>
    <ClInclude Include="src\lib\Object\SceneTask.h">
      <Filter>ソース ファイル\OGLib\Object\Scene</Filter>
    </ClInclude>
    <ClInclude Include="src\lib\Object\UITask.h">
      <Filter>ソース ファイル\OGLib\Object\UI</Filter>
    </ClInclude>
    <ClInclude Include="src\lib\Task\WinConfig.h">
      <Filter>ソース ファイル\OGLib\Task\WinConfig</Filter>
    </ClInclude>
    <ClInclude Include="src\lib\OGSystem\Button\Button.h">
      <Filter>ソース ファイル\OGLib\System\Button</Filter>
    </ClInclude>
    <ClInclude Include="src\lib\OGSystem\Camera\Camera.h">
      <Filter>ソース ファイル\OGLib\System\Camera</Filter>
    </ClInclude>
    <ClInclude Include="src\lib\OGSystem\Collision\Collision.h">
      <Filter>ソース ファイル\OGLib\System\Collision</Filter>
    </ClInclude>
    <ClInclude Include="src\lib\OGSystem\Easing\easing.hpp">
      <Filter>ソース ファイル\OGLib\System\Easing</Filter>
    </ClInclude>
    <ClInclude Include="src\lib\OGSystem\Font\TextureFont.h">
      <Filter>ソース ファイル\OGLib\System\Font</Filter>
    </ClInclude>
    <ClInclude Include="src\lib\OGSystem\FPS\FPS.h">
      <Filter>ソース ファイル\OGLib\System\FPS</Filter>
    </ClInclude>
    <ClInclude Include="src\lib\OGSystem\Input\Input.h">
      <Filter>ソース ファイル\OGLib\System\Input</Filter>
    </ClInclude>
    <ClInclude Include="src\lib\OGSystem\Window\Window.h">
      <Filter>ソース ファイル\OGLib\System\WIndow</Filter>
    </ClInclude>
    <ClInclude Include="src\lib\OGSystem\Timer\glTimer.h">
      <Filter>ソース ファイル\OGLib\System\Timer</Filter>
    </ClInclude>
    <ClInclude Include="src\lib\OGSystem\Texture\Texture.h">
      <Filter>ソース ファイル\OGLib\System\Texture</Filter>
    </ClInclude>
    <ClInclude Include="src\lib\OGSystem\ResourceManager\ResourceManager.h">
      <Filter>ソース ファイル\OGLib\System\ResourceManager</Filter>
    </ClInclude>
    <ClInclude Include="src\lib\OGSystem\OG\_OGsystem.h">
      <Filter>ソース ファイル\OGLib\System\OG</Filter>
    </ClInclude>
    <ClInclude Include="src\lib\OGSystem\OG\OGlib.h">
      <Filter>ソース ファイル\OGLib\System\OG</Filter>
    </ClInclude>
    <ClInclude Include="src\lib\OGSystem\OG\OGsystem.h">
      <Filter>ソース ファイル\OGLib\System\OG</Filter>
    </ClInclude>
    <ClInclude Include="src\lib\OGSystem\OG\OGTask.h">
      <Filter>ソース ファイル\OGLib\System\OG</Filter>
    </ClInclude>
    <ClInclude Include="src\lib\OGSystem\OG\System.h">
      <Filter>ソース ファイル\OGLib\System\OG</Filter>
    </ClInclude>
    <ClInclude Include="src\lib\OGSystem\Audio\Sound.h">
      <Filter>ソース ファイル\OGLib\System\Sound</Filter>
    </ClInclude>
    <ClInclude Include="src\lib\OGSystem\Audio\SoundManager.h">
      <Filter>ソース ファイル\OGLib\System\Sound</Filter>
    </ClInclude>
    <ClInclude Include="src\lib\OGSystem\Audio\StreamingSound.h">
      <Filter>ソース ファイル\OGLib\System\Sound</Filter>
    </ClInclude>
    <ClInclude Include="src\lib\OGSystem\Audio\Audio.h">
      <Filter>ソース ファイル\OGLib\System\Sound\Audio</Filter>
    </ClInclude>
    <ClInclude Include="src\lib\OGSystem\randmais.h">
      <Filter>ヘッダー ファイル</Filter>
    </ClInclude>
    <ClInclude Include="src\lib\OGSystem\Random\Random.h">
      <Filter>ソース ファイル\OGLib\System\Random</Filter>
    </ClInclude>
    <ClInclude Include="src\lib\OGSystem\Font\Font.h">
      <Filter>ソース ファイル\OGLib\System\Font</Filter>
    </ClInclude>
    <ClInclude Include="src\Task\Scene\Title.h">
      <Filter>ソース ファイル\Task\Title</Filter>
    </ClInclude>
    <ClInclude Include="src\Task\Scene\Game.h">
      <Filter>ソース ファイル\Task\Game</Filter>
    </ClInclude>
    <ClInclude Include="src\Map\Map.h">
      <Filter>ソース ファイル\Map</Filter>
    </ClInclude>
    <ClInclude Include="src\Task\Scene\Load.h">
      <Filter>ソース ファイル\Task\Load</Filter>
    </ClInclude>
    <ClInclude Include="src\Back\Back.h">
      <Filter>ソース ファイル\Task\BackUI</Filter>
    </ClInclude>
    <ClInclude Include="src\lib\OGSystem\Shader\shader.h">
      <Filter>ソース ファイル\OGLib\System\Shader</Filter>
    </ClInclude>
    <ClInclude Include="src\lib\Event\WindowEvent\WindowEvent.h">
      <Filter>ソース ファイル\OGLib\Event\WinodowEvent</Filter>
    </ClInclude>
    <ClInclude Include="src\lib\OGSystem\Texture\LayerTexture.h">
      <Filter>ソース ファイル\OGLib\System\LayerTexture</Filter>
    </ClInclude>
    <ClInclude Include="src\lib\OGSystem\Order\Order.h">
      <Filter>ソース ファイル\OGLib\System\Order</Filter>
    </ClInclude>
    <ClInclude Include="src\Object\TestObject.h">
      <Filter>ソース ファイル\Object\TestObject</Filter>
    </ClInclude>
    <ClInclude Include="src\Object\State\State.h">
      <Filter>ソース ファイル\Object\State</Filter>
    </ClInclude>
    <ClInclude Include="src\Object\State\TestState.h">
      <Filter>ソース ファイル\Object\State</Filter>
    </ClInclude>
  </ItemGroup>
  <ItemGroup>
    <ResourceCompile Include="src\lib\OGSystem\Icon\Resource.rc">
      <Filter>ソース ファイル\OGLib\System\Icon</Filter>
    </ResourceCompile>
  </ItemGroup>
  <ItemGroup>
    <None Include="data\shader\sample.fsh">
      <Filter>リソース ファイル\Shader</Filter>
    </None>
    <None Include="data\event\sampleLoad.og">
      <Filter>リソース ファイル\event</Filter>
    </None>
    <None Include="data\shader\font.fsh">
      <Filter>リソース ファイル\Shader</Filter>
    </None>
    <None Include="src\lib\doxygen.h">
      <Filter>リソース ファイル\Doxygen</Filter>
    </None>
    <None Include="data\event\windowSize.og">
      <Filter>リソース ファイル\event</Filter>
    </None>
    <None Include="data\event\kiritan.og">
      <Filter>リソース ファイル\event</Filter>
    </None>
  </ItemGroup>
  <ItemGroup>
    <FxCompile Include="data\shader\sample.vsh">
      <Filter>リソース ファイル\Shader</Filter>
    </FxCompile>
    <FxCompile Include="data\shader\font.vsh">
      <Filter>リソース ファイル\Shader</Filter>
    </FxCompile>
  </ItemGroup>
</Project>